{
  "name": "force-touch-measure",
  "version": "1.0.0",
  "lockfileVersion": 1,
  "requires": true,
  "dependencies": {
    "draggable": {
      "version": "4.2.0",
      "resolved": "https://registry.npmjs.org/draggable/-/draggable-4.2.0.tgz",
      "integrity": "sha1-FJwMoXbfbYtRIEjI5FH0mfwEe5o="
    },
    "pressure": {
      "version": "2.1.2",
      "resolved": "https://registry.npmjs.org/pressure/-/pressure-2.1.2.tgz",
      "integrity": "sha512-ZSargPrrtyDGsWKFQvk3e5i/JM24pRTlb7Wu6RNtQiSzSAwdNw7hmB4+tQ/V2AhC3u4YGx3q2kMYEgtr/6ctXQ=="
    },
    "typescript": {
      "version": "3.7.3",
      "resolved": "https://registry.npmjs.org/typescript/-/typescript-3.7.3.tgz",
      "integrity": "sha512-Mcr/Qk7hXqFBXMN7p7Lusj1ktCBydylfQM/FZCk5glCNQJrCUKPkMHdo9R0MTFWsC/4kPFvDS0fDPvukfCkFsw==",
      "dev": true
    }
  }
}
